
Microsoft Visual Studio Solution File, Format Version 12.00
# Visual Studio Version 17
VisualStudioVersion = 17.0.31903.59
MinimumVisualStudioVersion = 10.0.40219.1
Project("{2150E333-8FDC-42A3-9474-1A3956D46DE8}") = "src", "src", "{A050ABE5-7A20-4FF0-80EA-8C5DB6C54BD7}"
EndProject
Project("{FAE04EC0-301F-11D3-BF4B-00C04F79EFBC}") = "EmbyNian.Core", "src\EmbyNian.Core\EmbyNian.Core.csproj", "{F1E79FC9-3593-41E3-89AC-DB6081A86F5A}"
EndProject
Project("{FAE04EC0-301F-11D3-BF4B-00C04F79EFBC}") = "EmbyNian.Shell", "src\EmbyNian.Shell\EmbyNian.Shell.csproj", "{6C1B84D2-9E4F-4A7B-9C10-2E5A7F0D3B41}"
EndProject
Project("{2150E333-8FDC-42A3-9474-1A3956D46DE8}") = "tests", "tests", "{5D010EC7-A5FD-4DEC-AE08-C0BC2CFAE9FA}"
EndProject
Project("{FAE04EC0-301F-11D3-BF4B-00C04F79EFBC}") = "EmbyNian.Tests", "tests\EmbyNian.Tests\EmbyNian.Tests.csproj", "{7658A8A4-F6C4-4793-9B04-51911E79A310}"
EndProject
Global
	GlobalSection(SolutionConfigurationPlatforms) = preSolution
		Debug|Any CPU = Debug|Any CPU
		Release|Any CPU = Release|Any CPU
	EndGlobalSection
	GlobalSection(SolutionProperties) = preSolution
		HideSolutionNode = FALSE
	EndGlobalSection
	GlobalSection(ProjectConfigurationPlatforms) = postSolution
		{F1E79FC9-3593-41E3-89AC-DB6081A86F5A}.Debug|Any CPU.ActiveCfg = Debug|Any CPU
		{F1E79FC9-3593-41E3-89AC-DB6081A86F5A}.Debug|Any CPU.Build.0 = Debug|Any CPU
		{F1E79FC9-3593-41E3-89AC-DB6081A86F5A}.Release|Any CPU.ActiveCfg = Release|Any CPU
		{F1E79FC9-3593-41E3-89AC-DB6081A86F5A}.Release|Any CPU.Build.0 = Release|Any CPU
		{6C1B84D2-9E4F-4A7B-9C10-2E5A7F0D3B41}.Debug|Any CPU.ActiveCfg = Debug|x64
		{6C1B84D2-9E4F-4A7B-9C10-2E5A7F0D3B41}.Debug|Any CPU.Build.0 = Debug|x64
		{6C1B84D2-9E4F-4A7B-9C10-2E5A7F0D3B41}.Release|Any CPU.ActiveCfg = Release|x64
		{6C1B84D2-9E4F-4A7B-9C10-2E5A7F0D3B41}.Release|Any CPU.Build.0 = Release|x64
		{7658A8A4-F6C4-4793-9B04-51911E79A310}.Debug|Any CPU.ActiveCfg = Debug|Any CPU
		{7658A8A4-F6C4-4793-9B04-51911E79A310}.Debug|Any CPU.Build.0 = Debug|Any CPU
		{7658A8A4-F6C4-4793-9B04-51911E79A310}.Release|Any CPU.ActiveCfg = Release|Any CPU
		{7658A8A4-F6C4-4793-9B04-51911E79A310}.Release|Any CPU.Build.0 = Release|Any CPU
	EndGlobalSection
	GlobalSection(NestedProjects) = preSolution
		{F1E79FC9-3593-41E3-89AC-DB6081A86F5A} = {A050ABE5-7A20-4FF0-80EA-8C5DB6C54BD7}
		{6C1B84D2-9E4F-4A7B-9C10-2E5A7F0D3B41} = {A050ABE5-7A20-4FF0-80EA-8C5DB6C54BD7}
		{7658A8A4-F6C4-4793-9B04-51911E79A310} = {5D010EC7-A5FD-4DEC-AE08-C0BC2CFAE9FA}
	EndGlobalSection
EndGlobal
